
Microsoft Visual Studio Solution File, Format Version 12.00
# Visual Studio Version 17
VisualStudioVersion = 17.1.32328.378
MinimumVisualStudioVersion = 10.0.40219.1
Project("{FAE04EC0-301F-11D3-BF4B-00C04F79EFBC}") = "NeoBancoDemo", "NeoBancoDemo\NeoBancoDemo.csproj", "{AE2F9313-7056-46C7-AE28-1169AA66DFE4}"
EndProject
Project("{FAE04EC0-301F-11D3-BF4B-00C04F79EFBC}") = "NeoBancoDemo.Data", "NeoBancoDemo.Data\NeoBancoDemo.Data.csproj", "{BB420DDC-0FEB-4577-B697-074E528E386D}"
EndProject
Project("{FAE04EC0-301F-11D3-BF4B-00C04F79EFBC}") = "NeoBancoDemo.Model", "NeoBancoDemo.Model\NeoBancoDemo.Model.csproj", "{FA646E13-7469-4D6D-A106-69987D01E2C0}"
EndProject
Global
	GlobalSection(SolutionConfigurationPlatforms) = preSolution
		Debug|Any CPU = Debug|Any CPU
		Release|Any CPU = Release|Any CPU
	EndGlobalSection
	GlobalSection(ProjectConfigurationPlatforms) = postSolution
		{AE2F9313-7056-46C7-AE28-1169AA66DFE4}.Debug|Any CPU.ActiveCfg = Debug|Any CPU
		{AE2F9313-7056-46C7-AE28-1169AA66DFE4}.Debug|Any CPU.Build.0 = Debug|Any CPU
		{AE2F9313-7056-46C7-AE28-1169AA66DFE4}.Release|Any CPU.ActiveCfg = Release|Any CPU
		{AE2F9313-7056-46C7-AE28-1169AA66DFE4}.Release|Any CPU.Build.0 = Release|Any CPU
		{BB420DDC-0FEB-4577-B697-074E528E386D}.Debug|Any CPU.ActiveCfg = Debug|Any CPU
		{BB420DDC-0FEB-4577-B697-074E528E386D}.Debug|Any CPU.Build.0 = Debug|Any CPU
		{BB420DDC-0FEB-4577-B697-074E528E386D}.Release|Any CPU.ActiveCfg = Release|Any CPU
		{BB420DDC-0FEB-4577-B697-074E528E386D}.Release|Any CPU.Build.0 = Release|Any CPU
		{FA646E13-7469-4D6D-A106-69987D01E2C0}.Debug|Any CPU.ActiveCfg = Debug|Any CPU
		{FA646E13-7469-4D6D-A106-69987D01E2C0}.Debug|Any CPU.Build.0 = Debug|Any CPU
		{FA646E13-7469-4D6D-A106-69987D01E2C0}.Release|Any CPU.ActiveCfg = Release|Any CPU
		{FA646E13-7469-4D6D-A106-69987D01E2C0}.Release|Any CPU.Build.0 = Release|Any CPU
	EndGlobalSection
	GlobalSection(SolutionProperties) = preSolution
		HideSolutionNode = FALSE
	EndGlobalSection
	GlobalSection(ExtensibilityGlobals) = postSolution
		SolutionGuid = {8F3CA365-F813-4275-B749-7C5201441E07}
	EndGlobalSection
EndGlobal
